github.com/Sirupsen/logrus v0.10.0 h1:I5b9VTLOttchcwWCzzNfRDAW2EFGlEN49hyoyq6d2ZI=
github.com/Sirupsen/logrus v0.10.0/go.mod h1:rmk17hk6i8ZSAJkSDa7nOxamrG+SP4P0mm+DAvExv4U=
github.com/apparentlymart/go-cidr v0.0.0-20150831014916-a3ebdb999b83 h1:XPMKRrKQY6qiTiCIY0yWiEY7KBgnIMtEwGauqsZe5eU=
github.com/apparentlymart/go-cidr v0.0.0-20150831014916-a3ebdb999b83/go.mod h1:EBcsNrHc3zQeuaeCeCtQruQm+n9/YjEn/vI25Lg7Gwc=
github.com/aws/aws-sdk-go v1.4.5 h1:hknV4CFHBApdhQrxgMT/mW5U0Cds47MQkcV1HQvx/iE=
github.com/aws/aws-sdk-go v1.4.5/go.mod h1:ZRmQr0FajVIyZ4ZzBYKG5P3ZqPz9IHG41ZoMu1ADI3k=
github.com/bgentry/go-netrc v0.0.0-20140422174119-9fd32a8b3d3d h1:xDfNPAt8lFiC1UJrqV3uuy861HCTo708pDMbjHHdCas=
github.com/bgentry/go-netrc v0.0.0-20140422174119-9fd32a8b3d3d/go.mod h1:6QX/PXZ00z/TKoufEY6K/a0k6AhaJrQKdFe6OfVXsa4=
github.com/coreos/matchbox v0.7.0 h1:2lz1eweRPvWeU5DhBHvdl9sKC1+pr313GGMj3MTo72Q=
github.com/coreos/matchbox v0.7.0/go.mod h1:rLweyU0b+81S6hg4PdaP8cyuBzPx3iJ0290yIWewYaY=
github.com/davecgh/go-spew v0.0.0-20151105211317-5215b55f46b2 h1:5zdDAMuB3gvbHB1m2BZT9+t9w+xaBmK3ehb7skDXcwM=
github.com/davecgh/go-spew v0.0.0-20151105211317-5215b55f46b2/go.mod h1:J7Y8YcW2NihsgmVo/mv3lAwl/skON4iLHjSsI+c5H38=
github.com/go-ini/ini v1.21.1 h1:+QXUYsI7Tfxc64oD6R5BxU/Aq+UwGkyjH4W/hMNG7bg=
github.com/go-ini/ini v1.21.1/go.mod h1:ByCAeIL28uOIIG0E3PJtZPDL8WnHpFKFOtgjp+3Ies8=
github.com/golang/protobuf v0.0.0-20170331031902-2bba0603135d h1:KmiEmEGA5sqizMpKnexwioxj8zEUSBc7p9UTQu36lpQ=
github.com/golang/protobuf v0.0.0-20170331031902-2bba0603135d/go.mod h1:6lQm79b+lXiMfvg/cZm0SGofjICqVBUtrP5yJMmIC1U=
github.com/hashicorp/errwrap v0.0.0-20141028054710-7554cd9344ce h1:prjrVgOk2Yg6w+PflHoszQNLTUh4kaByUcEWM/9uin4=
github.com/hashicorp/errwrap v0.0.0-20141028054710-7554cd9344ce/go.mod h1:YH+1FKiLXxHSkmPseP+kNlulaMuP3n2brvKWEqk/Jc4=
github.com/hashicorp/go-getter v0.0.0-20170207215532-c3d66e76678d h1:gYDVHhIS6JMuuWr/k6SYGR3//pr5IOiNRzM/Hr4UKjk=
github.com/hashicorp/go-getter v0.0.0-20170207215532-c3d66e76678d/go.mod h1:6rdJFnhkXnzGOJbvkrdv4t9nLwKcVA+tmbQeUlkIzrU=
github.com/hashicorp/go-multierror v0.0.0-20161216184304-ed905158d874 h1:cAv7ZbSmyb1wjn6T4TIiyFCkpcfgpbcNNC3bM2srLaI=
github.com/hashicorp/go-multierror v0.0.0-20161216184304-ed905158d874/go.mod h1:JMRHfdO9jKNzS/+BTlxCjKNQHg/jZAft8U7LloJvN7I=
github.com/hashicorp/go-plugin v0.0.0-20170217162722-f72692aebca2 h1:C979il8uGAI9k9qFbaDE355/0UXqPZ8gyrwZDXSlTRk=
github.com/hashicorp/go-plugin v0.0.0-20170217162722-f72692aebca2/go.mod h1:JSqWYsict+jzcj0+xElxyrBQRPNoiWQuddnxArJ7XHQ=
github.com/hashicorp/go-uuid v0.0.0-20160717022140-64130c7a86d7 h1:w8czuEDeFZo7CdZ2APLO24tTbjzO4cNXTfCkBdtU+wg=
github.com/hashicorp/go-uuid v0.0.0-20160717022140-64130c7a86d7/go.mod h1:6SBZvOh/SIDV7/2o3Jml5SYk/TvGqwFJ/bN7x4byOro=
github.com/hashicorp/go-version v0.0.0-20170202080759-03c5bf6be031 h1:c3Xdf5fTpk+hqhxqCO+ymqjfUXV9+GZqNgTtlnVzDos=
github.com/hashicorp/go-version v0.0.0-20170202080759-03c5bf6be031/go.mod h1:fltr4n8CU8Ke44wwGCBoEymUuxUHl09ZGVZPK5anwXA=
github.com/hashicorp/hcl v0.0.0-20170217164738-630949a3c5fa h1:10wM7X2JKPrmcvtI9Qy2xsoQI1CBA8dd6LqjyGKlD0c=
github.com/hashicorp/hcl v0.0.0-20170217164738-630949a3c5fa/go.mod h1:oZtUIOe8dh44I2q6ScRibXws4Ajl+d+nod3AaR9vL5w=
github.com/hashicorp/hil v0.0.0-20161221192042-5b8d13c8c5c2 h1:dM5wOyFTvybHoaqAKb5BHq4A2vR4ye7QuqEb3CKWU5c=
github.com/hashicorp/hil v0.0.0-20161221192042-5b8d13c8c5c2/go.mod h1:KHvg/R2/dPtaePb16oW4qIyzkMxXOL38xjRN64adsts=
github.com/hashicorp/logutils v0.0.0-20150609070431-0dc08b1671f3 h1:oD64EFjELI9RY9yoWlfua58r+etdnoIC871z+rr6lkA=
github.com/hashicorp/logutils v0.0.0-20150609070431-0dc08b1671f3/go.mod h1:QIAnNjmIWmVIIkWDTG1z5v++HQmx9WQRO+LraFDTW64=
github.com/hashicorp/terraform v0.9.4 h1:n6Ig0cOWhx12DGwa525QD5CC5+BpoQFQjKfeal5oNxM=
github.com/hashicorp/terraform v0.9.4/go.mod h1:uN1KUiT7Wdg61fPwsGXQwK3c8PmpIVZrt5Vcb1VrSoM=
github.com/hashicorp/yamux v0.0.0-20160720233140-d1caa6c97c9f h1:K4RDeor/qhbs5ETM85SN8xekXkk+KkOBclNXXM8+UR0=
github.com/hashicorp/yamux v0.0.0-20160720233140-d1caa6c97c9f/go.mod h1:+NfK9FKeTrX5uv1uIXGdwYDTeHna2qgaIlx54MXqjAM=
github.com/jmespath/go-jmespath v0.0.0-20160803190731-bd40a432e4c7 h1:SMvOWPJCES2GdFracYbBQh93GXac8fq7HeN6JnpduB8=
github.com/jmespath/go-jmespath v0.0.0-20160803190731-bd40a432e4c7/go.mod h1:Nht3zPeWKUH0NzdCt2Blrr5ys8VGpn0CEB0cQHVjt7k=
github.com/mitchellh/copystructure v0.0.0-20170116004449-f81071c9d77b h1:U2UBAVpiIEa2uVcIWrN28gznaHTjGVHgedj3N1D9M1s=
github.com/mitchellh/copystructure v0.0.0-20170116004449-f81071c9d77b/go.mod h1:eOsF2yLPlBBJPvD+nhl5QMTBSOBbOph6N7j/IDUw7PY=
github.com/mitchellh/go-homedir v0.0.0-20161203194507-b8bc1bf76747 h1:eQox4Rh4ewJF+mqYPxCkmBAirRnPaHEB26UkNuPyjlk=
github.com/mitchellh/go-homedir v0.0.0-20161203194507-b8bc1bf76747/go.mod h1:SfyaCUpYCn1Vlf4IUYiD9fPX4A5wJrkLzIz1N1q0pr0=
github.com/mitchellh/hashstructure v0.0.0-20170116052023-ab25296c0f51 h1:qdHlMllk/PTLUrX3XdtXDrLL1lPSfcqUmJD1eYfbapg=
github.com/mitchellh/hashstructure v0.0.0-20170116052023-ab25296c0f51/go.mod h1:QjSHrPWS+BGUVBYkbTZWEnOh3G1DutKwClXU/ABz6AQ=
github.com/mitchellh/mapstructure v0.0.0-20170307201123-53818660ed49 h1:kaWdlw4YogwkDl8CG+/VxhXkrL9uz3n1D9QBC2pEGLE=
github.com/mitchellh/mapstructure v0.0.0-20170307201123-53818660ed49/go.mod h1:FVVH3fgwuzCH5S8UJGiWEs2h04kUh9fWfEaFds41c1Y=
github.com/mitchellh/reflectwalk v0.0.0-20170110165207-417edcfd99a4 h1:2l4wKiqC7R06+7bjVBTTzAEuCYniVnChSDA5fx3JHeg=
github.com/mitchellh/reflectwalk v0.0.0-20170110165207-417edcfd99a4/go.mod h1:mSTlrgnPZtwu0c4WaC2kGObEpuNDbx0jmZXqmk4esnw=
github.com/satori/go.uuid v0.0.0-20170321230731-5bf94b69c6b6 h1:7PFDlUz5/yGp8w21PuZGgEfN7ZF7OXvgAIDjwih82Gs=
github.com/satori/go.uuid v0.0.0-20170321230731-5bf94b69c6b6/go.mod h1:dA0hQrYB0VpLJoorglMZABFdXlWrHn1NEOzdhQKdks0=
golang.org/x/net v0.0.0-20160412225635-fb93926129b8 h1:5Lew4KHjm6QAzkboL0Sdg03Nc3VtVcno+Mdcvclquco=
golang.org/x/net v0.0.0-20160412225635-fb93926129b8/go.mod h1:mL1N/T3taQHkDXs73rZJwtUhF3w3ftmwwsq0BUmARs4=
golang.org/x/sys v0.0.0-20160916181909-8f0908ab3b24 h1:BL/wcoHkjubwHn2wDTAD1fehKZ9lf67KOVzucRKWPtM=
golang.org/x/sys v0.0.0-20160916181909-8f0908ab3b24/go.mod h1:STP8DvDyc/dI5b8T5hshtkjS+E42TnysNCUPdjciGhY=
google.golang.org/grpc v1.2.1 h1:uXbsPclX7+aYIzPCched4e5D5dguzKH7wW8cyJ9r2Pk=
google.golang.org/grpc v1.2.1/go.mod h1:yo6s7OP7yaDglbqo1J04qKzAhqBH6lvTonzMVmEdcZw=
